
Microsoft Visual Studio Solution File, Format Version 12.00
# Visual Studio Version 17
VisualStudioVersion = 17.8.34511.84
MinimumVisualStudioVersion = 10.0.40219.1
Project("{FAE04EC0-301F-11D3-BF4B-00C04F79EFBC}") = "AbpFramework.Poc", "AbpFramework.Poc.csproj", "{C5C16ED1-8314-4FA5-9054-E749CB36750F}"
EndProject
Project("{FAE04EC0-301F-11D3-BF4B-00C04F79EFBC}") = "AbpFramework.Poc.Data", "..\AbpFramework.Poc.Data\AbpFramework.Poc.Data.csproj", "{00F69C58-35ED-4838-8940-CD13D28532D5}"
EndProject
Project("{FAE04EC0-301F-11D3-BF4B-00C04F79EFBC}") = "AbpFramework.Poc.Core", "..\AbpFramework.Poc.Core\AbpFramework.Poc.Core.csproj", "{BA6C3C04-2862-4093-9E5B-F5419AF9A3A9}"
EndProject
Project("{FAE04EC0-301F-11D3-BF4B-00C04F79EFBC}") = "AbpFramework.POC.Api", "..\AbpFramework.POC.Api\AbpFramework.POC.Api.csproj", "{743589B0-1103-481A-958C-F20336AABCD9}"
EndProject
Global
	GlobalSection(SolutionConfigurationPlatforms) = preSolution
		Debug|Any CPU = Debug|Any CPU
		Release|Any CPU = Release|Any CPU
	EndGlobalSection
	GlobalSection(ProjectConfigurationPlatforms) = postSolution
		{C5C16ED1-8314-4FA5-9054-E749CB36750F}.Debug|Any CPU.ActiveCfg = Debug|Any CPU
		{C5C16ED1-8314-4FA5-9054-E749CB36750F}.Debug|Any CPU.Build.0 = Debug|Any CPU
		{C5C16ED1-8314-4FA5-9054-E749CB36750F}.Release|Any CPU.ActiveCfg = Release|Any CPU
		{C5C16ED1-8314-4FA5-9054-E749CB36750F}.Release|Any CPU.Build.0 = Release|Any CPU
		{00F69C58-35ED-4838-8940-CD13D28532D5}.Debug|Any CPU.ActiveCfg = Debug|Any CPU
		{00F69C58-35ED-4838-8940-CD13D28532D5}.Debug|Any CPU.Build.0 = Debug|Any CPU
		{00F69C58-35ED-4838-8940-CD13D28532D5}.Release|Any CPU.ActiveCfg = Release|Any CPU
		{00F69C58-35ED-4838-8940-CD13D28532D5}.Release|Any CPU.Build.0 = Release|Any CPU
		{BA6C3C04-2862-4093-9E5B-F5419AF9A3A9}.Debug|Any CPU.ActiveCfg = Debug|Any CPU
		{BA6C3C04-2862-4093-9E5B-F5419AF9A3A9}.Debug|Any CPU.Build.0 = Debug|Any CPU
		{BA6C3C04-2862-4093-9E5B-F5419AF9A3A9}.Release|Any CPU.ActiveCfg = Release|Any CPU
		{BA6C3C04-2862-4093-9E5B-F5419AF9A3A9}.Release|Any CPU.Build.0 = Release|Any CPU
		{743589B0-1103-481A-958C-F20336AABCD9}.Debug|Any CPU.ActiveCfg = Debug|Any CPU
		{743589B0-1103-481A-958C-F20336AABCD9}.Debug|Any CPU.Build.0 = Debug|Any CPU
		{743589B0-1103-481A-958C-F20336AABCD9}.Release|Any CPU.ActiveCfg = Release|Any CPU
		{743589B0-1103-481A-958C-F20336AABCD9}.Release|Any CPU.Build.0 = Release|Any CPU
	EndGlobalSection
	GlobalSection(SolutionProperties) = preSolution
		HideSolutionNode = FALSE
	EndGlobalSection
	GlobalSection(ExtensibilityGlobals) = postSolution
		SolutionGuid = {3241C56E-0BDE-40D2-86F8-74AF994B229F}
	EndGlobalSection
EndGlobal
